// !$*UTF8*$!
{
	archiveVersion = 1;
	classes = {
	};
	objectVersion = 55;
	objects = {

/* Begin PBXBuildFile section */
		926892202884DDC900E88995 /* AppDelegate.swift in Sources */ = {isa = PBXBuildFile; fileRef = 9268921F2884DDC900E88995 /* AppDelegate.swift */; };
		926892222884DDC900E88995 /* SceneDelegate.swift in Sources */ = {isa = PBXBuildFile; fileRef = 926892212884DDC900E88995 /* SceneDelegate.swift */; };
		926892242884DDC900E88995 /* ViewController.swift in Sources */ = {isa = PBXBuildFile; fileRef = 926892232884DDC900E88995 /* ViewController.swift */; };
		926892272884DDC900E88995 /* Main.storyboard in Resources */ = {isa = PBXBuildFile; fileRef = 926892252884DDC900E88995 /* Main.storyboard */; };
		926892292884DDCB00E88995 /* Assets.xcassets in Resources */ = {isa = PBXBuildFile; fileRef = 926892282884DDCB00E88995 /* Assets.xcassets */; };
		9268922C2884DDCB00E88995 /* LaunchScreen.storyboard in Resources */ = {isa = PBXBuildFile; fileRef = 9268922A2884DDCB00E88995 /* LaunchScreen.storyboard */; };
		926892342884F11000E88995 /* Home.storyboard in Resources */ = {isa = PBXBuildFile; fileRef = 926892332884F11000E88995 /* Home.storyboard */; };
		92CA18F728B354B700314DEB /* Realm in Frameworks */ = {isa = PBXBuildFile; productRef = 92CA18F628B354B700314DEB /* Realm */; };
		92CA18F928B354B700314DEB /* RealmSwift in Frameworks */ = {isa = PBXBuildFile; productRef = 92CA18F828B354B700314DEB /* RealmSwift */; };
		92CA18FC28B3559900314DEB /* DBModel.swift in Sources */ = {isa = PBXBuildFile; fileRef = 92CA18FB28B3559900314DEB /* DBModel.swift */; };
		92CA190128B54F4800314DEB /* ShoppingItemDetailViewController.swift in Sources */ = {isa = PBXBuildFile; fileRef = 92CA190028B54F4800314DEB /* ShoppingItemDetailViewController.swift */; };
		92CA196628B67BBC00314DEB /* SnapKit in Frameworks */ = {isa = PBXBuildFile; productRef = 92CA196528B67BBC00314DEB /* SnapKit */; };
		92CA196928B6840D00314DEB /* Alamofire in Frameworks */ = {isa = PBXBuildFile; productRef = 92CA196828B6840D00314DEB /* Alamofire */; };
		92CA196C28B6842100314DEB /* SwiftyJSON in Frameworks */ = {isa = PBXBuildFile; productRef = 92CA196B28B6842100314DEB /* SwiftyJSON */; };
		92CA197828B761AC00314DEB /* APIKey.swift in Sources */ = {isa = PBXBuildFile; fileRef = 92CA197728B761AC00314DEB /* APIKey.swift */; };
		92CA197A28B761D100314DEB /* Constants.swift in Sources */ = {isa = PBXBuildFile; fileRef = 92CA197928B761D100314DEB /* Constants.swift */; };
		92EF7FD92884FE3B00E86749 /* SettingTableViewController.swift in Sources */ = {isa = PBXBuildFile; fileRef = 92EF7FD82884FE3B00E86749 /* SettingTableViewController.swift */; };
		92EF7FDB28850FD400E86749 /* Setting.storyboard in Resources */ = {isa = PBXBuildFile; fileRef = 92EF7FDA28850FD400E86749 /* Setting.storyboard */; };
		92EF7FDF288526CD00E86749 /* PersonalTimeTableViewController.swift in Sources */ = {isa = PBXBuildFile; fileRef = 92EF7FDE288526CD00E86749 /* PersonalTimeTableViewController.swift */; };
		92EF7FE1288526D600E86749 /* KakaoSettingTableViewController.swift in Sources */ = {isa = PBXBuildFile; fileRef = 92EF7FE0288526D600E86749 /* KakaoSettingTableViewController.swift */; };
		92EF7FE32886401300E86749 /* Search.storyboard in Resources */ = {isa = PBXBuildFile; fileRef = 92EF7FE22886401300E86749 /* Search.storyboard */; };
		92EF7FE52886403F00E86749 /* Trend.storyboard in Resources */ = {isa = PBXBuildFile; fileRef = 92EF7FE42886403F00E86749 /* Trend.storyboard */; };
		92EF7FE72886407400E86749 /* Intro.storyboard in Resources */ = {isa = PBXBuildFile; fileRef = 92EF7FE62886407400E86749 /* Intro.storyboard */; };
		92EF7FE92886440500E86749 /* TrendViewController.swift in Sources */ = {isa = PBXBuildFile; fileRef = 92EF7FE82886440500E86749 /* TrendViewController.swift */; };
		92EF7FEB2886440F00E86749 /* SearchViewController.swift in Sources */ = {isa = PBXBuildFile; fileRef = 92EF7FEA2886440F00E86749 /* SearchViewController.swift */; };
		92EF7FED2886452E00E86749 /* UIViewController+Extension.swift in Sources */ = {isa = PBXBuildFile; fileRef = 92EF7FEC2886452E00E86749 /* UIViewController+Extension.swift */; };
		92EF7FF32886486E00E86749 /* UITextField+Extension.swift in Sources */ = {isa = PBXBuildFile; fileRef = 92EF7FF22886486E00E86749 /* UITextField+Extension.swift */; };
		92EF7FF528864B9800E86749 /* BucketListTableViewController.swift in Sources */ = {isa = PBXBuildFile; fileRef = 92EF7FF428864B9800E86749 /* BucketListTableViewController.swift */; };
		92EF7FF728864D9C00E86749 /* BucketListTableViewCell.swift in Sources */ = {isa = PBXBuildFile; fileRef = 92EF7FF628864D9C00E86749 /* BucketListTableViewCell.swift */; };
		92EF7FF928868B1D00E86749 /* ShoppingTableViewCell.swift in Sources */ = {isa = PBXBuildFile; fileRef = 92EF7FF828868B1D00E86749 /* ShoppingTableViewCell.swift */; };
		92EF7FFB28868B5F00E86749 /* ShoppingTableViewController.swift in Sources */ = {isa = PBXBuildFile; fileRef = 92EF7FFA28868B5F00E86749 /* ShoppingTableViewController.swift */; };
		92EF7FFD28868C8A00E86749 /* Shopping.storyboard in Resources */ = {isa = PBXBuildFile; fileRef = 92EF7FFC28868C8A00E86749 /* Shopping.storyboard */; };
		92EF80022887875100E86749 /* SearchMovieTableViewController.swift in Sources */ = {isa = PBXBuildFile; fileRef = 92EF80012887875100E86749 /* SearchMovieTableViewController.swift */; };
		92EF80042887877F00E86749 /* SearchMovieTableViewCell.swift in Sources */ = {isa = PBXBuildFile; fileRef = 92EF80032887877F00E86749 /* SearchMovieTableViewCell.swift */; };
		92EF800628878CAE00E86749 /* Movie.swift in Sources */ = {isa = PBXBuildFile; fileRef = 92EF800528878CAE00E86749 /* Movie.swift */; };
		92EF80082887953400E86749 /* MovieInfo.swift in Sources */ = {isa = PBXBuildFile; fileRef = 92EF80072887953400E86749 /* MovieInfo.swift */; };
		92EF800A28879AB700E86749 /* RecommandCollectionViewController.swift in Sources */ = {isa = PBXBuildFile; fileRef = 92EF800928879AB700E86749 /* RecommandCollectionViewController.swift */; };
		92EF800C28879DFF00E86749 /* RecommandCollectionViewCell.swift in Sources */ = {isa = PBXBuildFile; fileRef = 92EF800B28879DFF00E86749 /* RecommandCollectionViewCell.swift */; };
		92EF800F2887AE5900E86749 /* Kingfisher in Frameworks */ = {isa = PBXBuildFile; productRef = 92EF800E2887AE5900E86749 /* Kingfisher */; };
		92EF80122887AE7800E86749 /* Toast in Frameworks */ = {isa = PBXBuildFile; productRef = 92EF80112887AE7800E86749 /* Toast */; };
		92EF80142887D34000E86749 /* Book.storyboard in Resources */ = {isa = PBXBuildFile; fileRef = 92EF80132887D34000E86749 /* Book.storyboard */; };
		92EF80162887D3FF00E86749 /* BookCollectionViewCell.swift in Sources */ = {isa = PBXBuildFile; fileRef = 92EF80152887D3FF00E86749 /* BookCollectionViewCell.swift */; };
		92EF80182887D5BB00E86749 /* BookCollectionViewController.swift in Sources */ = {isa = PBXBuildFile; fileRef = 92EF80172887D5BB00E86749 /* BookCollectionViewController.swift */; };
		92EF801A2887D90F00E86749 /* Book.swift in Sources */ = {isa = PBXBuildFile; fileRef = 92EF80192887D90F00E86749 /* Book.swift */; };
		92EF801C2887DA0300E86749 /* BookInfo.swift in Sources */ = {isa = PBXBuildFile; fileRef = 92EF801B2887DA0300E86749 /* BookInfo.swift */; };
		92EF801E2888E75600E86749 /* TrendSubTableViewController.swift in Sources */ = {isa = PBXBuildFile; fileRef = 92EF801D2888E75600E86749 /* TrendSubTableViewController.swift */; };
		92EF80202888E77300E86749 /* TrendSubTableViewCell.swift in Sources */ = {isa = PBXBuildFile; fileRef = 92EF801F2888E77300E86749 /* TrendSubTableViewCell.swift */; };
		92EF80462889319600E86749 /* RecommandSearchViewController.swift in Sources */ = {isa = PBXBuildFile; fileRef = 92EF80452889319600E86749 /* RecommandSearchViewController.swift */; };
		92EF8048288931A900E86749 /* RecommandCellInfoViewController.swift in Sources */ = {isa = PBXBuildFile; fileRef = 92EF8047288931A900E86749 /* RecommandCellInfoViewController.swift */; };
		92EF804A288931CA00E86749 /* RecommandWebInfoViewController.swift in Sources */ = {isa = PBXBuildFile; fileRef = 92EF8049288931CA00E86749 /* RecommandWebInfoViewController.swift */; };
		92EF804C288A3F9200E86749 /* testViewController.swift in Sources */ = {isa = PBXBuildFile; fileRef = 92EF804B288A3F9200E86749 /* testViewController.swift */; };
/* End PBXBuildFile section */

/* Begin PBXFileReference section */
		9268921C2884DDC900E88995 /* SeSAC3weekTrandMedia.app */ = {isa = PBXFileReference; explicitFileType = wrapper.application; includeInIndex = 0; path = SeSAC3weekTrandMedia.app; sourceTree = BUILT_PRODUCTS_DIR; };
		9268921F2884DDC900E88995 /* AppDelegate.swift */ = {isa = PBXFileReference; lastKnownFileType = sourcecode.swift; path = AppDelegate.swift; sourceTree = "<group>"; };
		926892212884DDC900E88995 /* SceneDelegate.swift */ = {isa = PBXFileReference; lastKnownFileType = sourcecode.swift; path = SceneDelegate.swift; sourceTree = "<group>"; };
		926892232884DDC900E88995 /* ViewController.swift */ = {isa = PBXFileReference; lastKnownFileType = sourcecode.swift; path = ViewController.swift; sourceTree = "<group>"; };
		926892262884DDC900E88995 /* Base */ = {isa = PBXFileReference; lastKnownFileType = file.storyboard; name = Base; path = Base.lproj/Main.storyboard; sourceTree = "<group>"; };
		926892282884DDCB00E88995 /* Assets.xcassets */ = {isa = PBXFileReference; lastKnownFileType = folder.assetcatalog; path = Assets.xcassets; sourceTree = "<group>"; };
		9268922B2884DDCB00E88995 /* Base */ = {isa = PBXFileReference; lastKnownFileType = file.storyboard; name = Base; path = Base.lproj/LaunchScreen.storyboard; sourceTree = "<group>"; };
		9268922D2884DDCB00E88995 /* Info.plist */ = {isa = PBXFileReference; lastKnownFileType = text.plist.xml; path = Info.plist; sourceTree = "<group>"; };
		926892332884F11000E88995 /* Home.storyboard */ = {isa = PBXFileReference; lastKnownFileType = file.storyboard; path = Home.storyboard; sourceTree = SOURCE_ROOT; };
		92CA18FB28B3559900314DEB /* DBModel.swift */ = {isa = PBXFileReference; lastKnownFileType = sourcecode.swift; path = DBModel.swift; sourceTree = "<group>"; };
		92CA190028B54F4800314DEB /* ShoppingItemDetailViewController.swift */ = {isa = PBXFileReference; lastKnownFileType = sourcecode.swift; path = ShoppingItemDetailViewController.swift; sourceTree = "<group>"; };
		92CA197028B75DC900314DEB /* .gitignore.md */ = {isa = PBXFileReference; lastKnownFileType = net.daringfireball.markdown; path = .gitignore.md; sourceTree = "<group>"; };
		92CA197728B761AC00314DEB /* APIKey.swift */ = {isa = PBXFileReference; lastKnownFileType = sourcecode.swift; path = APIKey.swift; sourceTree = "<group>"; };
		92CA197928B761D100314DEB /* Constants.swift */ = {isa = PBXFileReference; lastKnownFileType = sourcecode.swift; path = Constants.swift; sourceTree = "<group>"; };
		92EF7FD82884FE3B00E86749 /* SettingTableViewController.swift */ = {isa = PBXFileReference; lastKnownFileType = sourcecode.swift; path = SettingTableViewController.swift; sourceTree = "<group>"; };
		92EF7FDA28850FD400E86749 /* Setting.storyboard */ = {isa = PBXFileReference; lastKnownFileType = file.storyboard; path = Setting.storyboard; sourceTree = "<group>"; };
		92EF7FDE288526CD00E86749 /* PersonalTimeTableViewController.swift */ = {isa = PBXFileReference; lastKnownFileType = sourcecode.swift; path = PersonalTimeTableViewController.swift; sourceTree = "<group>"; };
		92EF7FE0288526D600E86749 /* KakaoSettingTableViewController.swift */ = {isa = PBXFileReference; lastKnownFileType = sourcecode.swift; path = KakaoSettingTableViewController.swift; sourceTree = "<group>"; };
		92EF7FE22886401300E86749 /* Search.storyboard */ = {isa = PBXFileReference; lastKnownFileType = file.storyboard; path = Search.storyboard; sourceTree = "<group>"; };
		92EF7FE42886403F00E86749 /* Trend.storyboard */ = {isa = PBXFileReference; lastKnownFileType = file.storyboard; path = Trend.storyboard; sourceTree = "<group>"; };
		92EF7FE62886407400E86749 /* Intro.storyboard */ = {isa = PBXFileReference; lastKnownFileType = file.storyboard; path = Intro.storyboard; sourceTree = "<group>"; };
		92EF7FE82886440500E86749 /* TrendViewController.swift */ = {isa = PBXFileReference; lastKnownFileType = sourcecode.swift; path = TrendViewController.swift; sourceTree = "<group>"; };
		92EF7FEA2886440F00E86749 /* SearchViewController.swift */ = {isa = PBXFileReference; lastKnownFileType = sourcecode.swift; path = SearchViewController.swift; sourceTree = "<group>"; };
		92EF7FEC2886452E00E86749 /* UIViewController+Extension.swift */ = {isa = PBXFileReference; lastKnownFileType = sourcecode.swift; path = "UIViewController+Extension.swift"; sourceTree = "<group>"; };
		92EF7FF22886486E00E86749 /* UITextField+Extension.swift */ = {isa = PBXFileReference; lastKnownFileType = sourcecode.swift; path = "UITextField+Extension.swift"; sourceTree = "<group>"; };
		92EF7FF428864B9800E86749 /* BucketListTableViewController.swift */ = {isa = PBXFileReference; lastKnownFileType = sourcecode.swift; path = BucketListTableViewController.swift; sourceTree = "<group>"; };
		92EF7FF628864D9C00E86749 /* BucketListTableViewCell.swift */ = {isa = PBXFileReference; lastKnownFileType = sourcecode.swift; path = BucketListTableViewCell.swift; sourceTree = "<group>"; };
		92EF7FF828868B1D00E86749 /* ShoppingTableViewCell.swift */ = {isa = PBXFileReference; lastKnownFileType = sourcecode.swift; path = ShoppingTableViewCell.swift; sourceTree = "<group>"; };
		92EF7FFA28868B5F00E86749 /* ShoppingTableViewController.swift */ = {isa = PBXFileReference; lastKnownFileType = sourcecode.swift; path = ShoppingTableViewController.swift; sourceTree = "<group>"; };
		92EF7FFC28868C8A00E86749 /* Shopping.storyboard */ = {isa = PBXFileReference; lastKnownFileType = file.storyboard; path = Shopping.storyboard; sourceTree = "<group>"; };
		92EF80012887875100E86749 /* SearchMovieTableViewController.swift */ = {isa = PBXFileReference; lastKnownFileType = sourcecode.swift; name = SearchMovieTableViewController.swift; path = SeSAC3weekTrandMedia/StoryBoard/SearchMovieTableViewController.swift; sourceTree = SOURCE_ROOT; };
		92EF80032887877F00E86749 /* SearchMovieTableViewCell.swift */ = {isa = PBXFileReference; lastKnownFileType = sourcecode.swift; name = SearchMovieTableViewCell.swift; path = SeSAC3weekTrandMedia/StoryBoard/SearchMovieTableViewCell.swift; sourceTree = SOURCE_ROOT; };
		92EF800528878CAE00E86749 /* Movie.swift */ = {isa = PBXFileReference; lastKnownFileType = sourcecode.swift; path = Movie.swift; sourceTree = SOURCE_ROOT; };
		92EF80072887953400E86749 /* MovieInfo.swift */ = {isa = PBXFileReference; fileEncoding = 4; lastKnownFileType = sourcecode.swift; path = MovieInfo.swift; sourceTree = "<group>"; };
		92EF800928879AB700E86749 /* RecommandCollectionViewController.swift */ = {isa = PBXFileReference; lastKnownFileType = sourcecode.swift; path = RecommandCollectionViewController.swift; sourceTree = SOURCE_ROOT; };
		92EF800B28879DFF00E86749 /* RecommandCollectionViewCell.swift */ = {isa = PBXFileReference; lastKnownFileType = sourcecode.swift; name = RecommandCollectionViewCell.swift; path = SeSAC3weekTrandMedia/StoryBoard/RecommandCollectionViewCell.swift; sourceTree = SOURCE_ROOT; };
		92EF80132887D34000E86749 /* Book.storyboard */ = {isa = PBXFileReference; lastKnownFileType = file.storyboard; path = Book.storyboard; sourceTree = "<group>"; };
		92EF80152887D3FF00E86749 /* BookCollectionViewCell.swift */ = {isa = PBXFileReference; lastKnownFileType = sourcecode.swift; name = BookCollectionViewCell.swift; path = SeSAC3weekTrandMedia/StoryBoard/BookCollectionViewCell.swift; sourceTree = SOURCE_ROOT; };
		92EF80172887D5BB00E86749 /* BookCollectionViewController.swift */ = {isa = PBXFileReference; lastKnownFileType = sourcecode.swift; name = BookCollectionViewController.swift; path = SeSAC3weekTrandMedia/StoryBoard/BookCollectionViewController.swift; sourceTree = SOURCE_ROOT; };
		92EF80192887D90F00E86749 /* Book.swift */ = {isa = PBXFileReference; lastKnownFileType = sourcecode.swift; path = Book.swift; sourceTree = "<group>"; };
		92EF801B2887DA0300E86749 /* BookInfo.swift */ = {isa = PBXFileReference; lastKnownFileType = sourcecode.swift; path = BookInfo.swift; sourceTree = "<group>"; };
		92EF801D2888E75600E86749 /* TrendSubTableViewController.swift */ = {isa = PBXFileReference; lastKnownFileType = sourcecode.swift; name = TrendSubTableViewController.swift; path = SeSAC3weekTrandMedia/Controller/TrendSubTableViewController.swift; sourceTree = SOURCE_ROOT; };
		92EF801F2888E77300E86749 /* TrendSubTableViewCell.swift */ = {isa = PBXFileReference; lastKnownFileType = sourcecode.swift; name = TrendSubTableViewCell.swift; path = SeSAC3weekTrandMedia/StoryBoard/TrendSubTableViewCell.swift; sourceTree = SOURCE_ROOT; };
		92EF80452889319600E86749 /* RecommandSearchViewController.swift */ = {isa = PBXFileReference; lastKnownFileType = sourcecode.swift; path = RecommandSearchViewController.swift; sourceTree = SOURCE_ROOT; };
		92EF8047288931A900E86749 /* RecommandCellInfoViewController.swift */ = {isa = PBXFileReference; lastKnownFileType = sourcecode.swift; path = RecommandCellInfoViewController.swift; sourceTree = "<group>"; };
		92EF8049288931CA00E86749 /* RecommandWebInfoViewController.swift */ = {isa = PBXFileReference; lastKnownFileType = sourcecode.swift; path = RecommandWebInfoViewController.swift; sourceTree = SOURCE_ROOT; };
		92EF804B288A3F9200E86749 /* testViewController.swift */ = {isa = PBXFileReference; lastKnownFileType = sourcecode.swift; path = testViewController.swift; sourceTree = "<group>"; };
/* End PBXFileReference section */

/* Begin PBXFrameworksBuildPhase section */
		926892192884DDC900E88995 /* Frameworks */ = {
			isa = PBXFrameworksBuildPhase;
			buildActionMask = 2147483647;
			files = (
				92CA18F928B354B700314DEB /* RealmSwift in Frameworks */,
				92CA196C28B6842100314DEB /* SwiftyJSON in Frameworks */,
				92CA18F728B354B700314DEB /* Realm in Frameworks */,
				92EF80122887AE7800E86749 /* Toast in Frameworks */,
				92CA196928B6840D00314DEB /* Alamofire in Frameworks */,
				92EF800F2887AE5900E86749 /* Kingfisher in Frameworks */,
				92CA196628B67BBC00314DEB /* SnapKit in Frameworks */,
			);
			runOnlyForDeploymentPostprocessing = 0;
		};
/* End PBXFrameworksBuildPhase section */

/* Begin PBXGroup section */
		926892132884DDC900E88995 = {
			isa = PBXGroup;
			children = (
				92CA197028B75DC900314DEB /* .gitignore.md */,
				9268921E2884DDC900E88995 /* SeSAC3weekTrandMedia */,
				9268921D2884DDC900E88995 /* Products */,
			);
			sourceTree = "<group>";
		};
		9268921D2884DDC900E88995 /* Products */ = {
			isa = PBXGroup;
			children = (
				9268921C2884DDC900E88995 /* SeSAC3weekTrandMedia.app */,
			);
			name = Products;
			sourceTree = "<group>";
		};
		9268921E2884DDC900E88995 /* SeSAC3weekTrandMedia */ = {
			isa = PBXGroup;
			children = (
				92CA197628B761A000314DEB /* Constants */,
				92CA18FA28B3559000314DEB /* DB */,
				92EF800528878CAE00E86749 /* Movie.swift */,
				92EF80192887D90F00E86749 /* Book.swift */,
				92EF800028877F6B00E86749 /* Extension */,
				92EF7FFF28877F4500E86749 /* Controller */,
				92EF7FFE28877F2C00E86749 /* StoryBoard */,
				92EF7FF02886479B00E86749 /* Cell */,
				9268921F2884DDC900E88995 /* AppDelegate.swift */,
				926892212884DDC900E88995 /* SceneDelegate.swift */,
				926892232884DDC900E88995 /* ViewController.swift */,
				926892332884F11000E88995 /* Home.storyboard */,
				926892252884DDC900E88995 /* Main.storyboard */,
				926892282884DDCB00E88995 /* Assets.xcassets */,
				9268922A2884DDCB00E88995 /* LaunchScreen.storyboard */,
				9268922D2884DDCB00E88995 /* Info.plist */,
				92EF80072887953400E86749 /* MovieInfo.swift */,
				92EF801B2887DA0300E86749 /* BookInfo.swift */,
			);
			path = SeSAC3weekTrandMedia;
			sourceTree = "<group>";
		};
		92CA18FA28B3559000314DEB /* DB */ = {
			isa = PBXGroup;
			children = (
				92CA18FB28B3559900314DEB /* DBModel.swift */,
			);
			path = DB;
			sourceTree = "<group>";
		};
		92CA197628B761A000314DEB /* Constants */ = {
			isa = PBXGroup;
			children = (
				92CA197728B761AC00314DEB /* APIKey.swift */,
				92CA197928B761D100314DEB /* Constants.swift */,
			);
			path = Constants;
			sourceTree = "<group>";
		};
		92EF7FF02886479B00E86749 /* Cell */ = {
			isa = PBXGroup;
			children = (
				92EF801F2888E77300E86749 /* TrendSubTableViewCell.swift */,
				92EF80152887D3FF00E86749 /* BookCollectionViewCell.swift */,
				92EF800B28879DFF00E86749 /* RecommandCollectionViewCell.swift */,
				92EF80032887877F00E86749 /* SearchMovieTableViewCell.swift */,
				92EF7FF828868B1D00E86749 /* ShoppingTableViewCell.swift */,
				92EF7FF628864D9C00E86749 /* BucketListTableViewCell.swift */,
			);
			path = Cell;
			sourceTree = "<group>";
		};
		92EF7FFE28877F2C00E86749 /* StoryBoard */ = {
			isa = PBXGroup;
			children = (
				92EF7FE62886407400E86749 /* Intro.storyboard */,
				92EF7FDA28850FD400E86749 /* Setting.storyboard */,
				92EF7FE22886401300E86749 /* Search.storyboard */,
				92EF80132887D34000E86749 /* Book.storyboard */,
				92EF7FE42886403F00E86749 /* Trend.storyboard */,
				92EF7FFC28868C8A00E86749 /* Shopping.storyboard */,
			);
			path = StoryBoard;
			sourceTree = "<group>";
		};
		92EF7FFF28877F4500E86749 /* Controller */ = {
			isa = PBXGroup;
			children = (
				92EF8049288931CA00E86749 /* RecommandWebInfoViewController.swift */,
				92EF80452889319600E86749 /* RecommandSearchViewController.swift */,
				92EF8047288931A900E86749 /* RecommandCellInfoViewController.swift */,
				92EF800928879AB700E86749 /* RecommandCollectionViewController.swift */,
				92EF80172887D5BB00E86749 /* BookCollectionViewController.swift */,
				92EF7FFA28868B5F00E86749 /* ShoppingTableViewController.swift */,
				92EF80012887875100E86749 /* SearchMovieTableViewController.swift */,
				92EF7FEA2886440F00E86749 /* SearchViewController.swift */,
				92EF7FF428864B9800E86749 /* BucketListTableViewController.swift */,
				92EF7FE0288526D600E86749 /* KakaoSettingTableViewController.swift */,
				92EF7FD82884FE3B00E86749 /* SettingTableViewController.swift */,
				92EF7FDE288526CD00E86749 /* PersonalTimeTableViewController.swift */,
				92EF7FE82886440500E86749 /* TrendViewController.swift */,
				92EF804B288A3F9200E86749 /* testViewController.swift */,
				92EF801D2888E75600E86749 /* TrendSubTableViewController.swift */,
				92CA190028B54F4800314DEB /* ShoppingItemDetailViewController.swift */,
			);
			path = Controller;
			sourceTree = "<group>";
		};
		92EF800028877F6B00E86749 /* Extension */ = {
			isa = PBXGroup;
			children = (
				92EF7FEC2886452E00E86749 /* UIViewController+Extension.swift */,
				92EF7FF22886486E00E86749 /* UITextField+Extension.swift */,
			);
			path = Extension;
			sourceTree = "<group>";
		};
/* End PBXGroup section */

/* Begin PBXNativeTarget section */
		9268921B2884DDC900E88995 /* SeSAC3weekTrandMedia */ = {
			isa = PBXNativeTarget;
			buildConfigurationList = 926892302884DDCB00E88995 /* Build configuration list for PBXNativeTarget "SeSAC3weekTrandMedia" */;
			buildPhases = (
				926892182884DDC900E88995 /* Sources */,
				926892192884DDC900E88995 /* Frameworks */,
				9268921A2884DDC900E88995 /* Resources */,
			);
			buildRules = (
			);
			dependencies = (
			);
			name = SeSAC3weekTrandMedia;
			packageProductDependencies = (
				92EF800E2887AE5900E86749 /* Kingfisher */,
				92EF80112887AE7800E86749 /* Toast */,
				92CA18F628B354B700314DEB /* Realm */,
				92CA18F828B354B700314DEB /* RealmSwift */,
				92CA196528B67BBC00314DEB /* SnapKit */,
				92CA196828B6840D00314DEB /* Alamofire */,
				92CA196B28B6842100314DEB /* SwiftyJSON */,
			);
			productName = SeSAC3weekTrandMedia;
			productReference = 9268921C2884DDC900E88995 /* SeSAC3weekTrandMedia.app */;
			productType = "com.apple.product-type.application";
		};
/* End PBXNativeTarget section */

/* Begin PBXProject section */
		926892142884DDC900E88995 /* Project object */ = {
			isa = PBXProject;
			attributes = {
				BuildIndependentTargetsInParallel = 1;
				LastSwiftUpdateCheck = 1340;
				LastUpgradeCheck = 1340;
				TargetAttributes = {
					9268921B2884DDC900E88995 = {
						CreatedOnToolsVersion = 13.4.1;
					};
				};
			};
			buildConfigurationList = 926892172884DDC900E88995 /* Build configuration list for PBXProject "SeSAC3weekTrandMedia" */;
			compatibilityVersion = "Xcode 13.0";
			developmentRegion = en;
			hasScannedForEncodings = 0;
			knownRegions = (
				en,
				Base,
			);
			mainGroup = 926892132884DDC900E88995;
			packageReferences = (
				92EF800D2887AE5900E86749 /* XCRemoteSwiftPackageReference "Kingfisher" */,
				92EF80102887AE7800E86749 /* XCRemoteSwiftPackageReference "Toast-Swift" */,
				92CA18F528B354B700314DEB /* XCRemoteSwiftPackageReference "realm-swift" */,
				92CA196428B67BBB00314DEB /* XCRemoteSwiftPackageReference "SnapKit" */,
				92CA196728B6840D00314DEB /* XCRemoteSwiftPackageReference "Alamofire" */,
				92CA196A28B6842100314DEB /* XCRemoteSwiftPackageReference "SwiftyJSON" */,
			);
			productRefGroup = 9268921D2884DDC900E88995 /* Products */;
			projectDirPath = "";
			projectRoot = "";
			targets = (
				9268921B2884DDC900E88995 /* SeSAC3weekTrandMedia */,
			);
		};
/* End PBXProject section */

/* Begin PBXResourcesBuildPhase section */
		9268921A2884DDC900E88995 /* Resources */ = {
			isa = PBXResourcesBuildPhase;
			buildActionMask = 2147483647;
			files = (
				92EF7FE52886403F00E86749 /* Trend.storyboard in Resources */,
				9268922C2884DDCB00E88995 /* LaunchScreen.storyboard in Resources */,
				926892292884DDCB00E88995 /* Assets.xcassets in Resources */,
				92EF80142887D34000E86749 /* Book.storyboard in Resources */,
				92EF7FE72886407400E86749 /* Intro.storyboard in Resources */,
				92EF7FDB28850FD400E86749 /* Setting.storyboard in Resources */,
				926892272884DDC900E88995 /* Main.storyboard in Resources */,
				92EF7FFD28868C8A00E86749 /* Shopping.storyboard in Resources */,
				92EF7FE32886401300E86749 /* Search.storyboard in Resources */,
				926892342884F11000E88995 /* Home.storyboard in Resources */,
			);
			runOnlyForDeploymentPostprocessing = 0;
		};
/* End PBXResourcesBuildPhase section */

/* Begin PBXSourcesBuildPhase section */
		926892182884DDC900E88995 /* Sources */ = {
			isa = PBXSourcesBuildPhase;
			buildActionMask = 2147483647;
			files = (
				92EF80202888E77300E86749 /* TrendSubTableViewCell.swift in Sources */,
				92CA197A28B761D100314DEB /* Constants.swift in Sources */,
				92EF801C2887DA0300E86749 /* BookInfo.swift in Sources */,
				92EF800A28879AB700E86749 /* RecommandCollectionViewController.swift in Sources */,
				92EF7FED2886452E00E86749 /* UIViewController+Extension.swift in Sources */,
				92EF80462889319600E86749 /* RecommandSearchViewController.swift in Sources */,
				92EF8048288931A900E86749 /* RecommandCellInfoViewController.swift in Sources */,
				92EF7FF928868B1D00E86749 /* ShoppingTableViewCell.swift in Sources */,
				92EF800C28879DFF00E86749 /* RecommandCollectionViewCell.swift in Sources */,
				92EF80042887877F00E86749 /* SearchMovieTableViewCell.swift in Sources */,
				92EF80182887D5BB00E86749 /* BookCollectionViewController.swift in Sources */,
				92CA190128B54F4800314DEB /* ShoppingItemDetailViewController.swift in Sources */,
				92EF7FD92884FE3B00E86749 /* SettingTableViewController.swift in Sources */,
				92EF801E2888E75600E86749 /* TrendSubTableViewController.swift in Sources */,
				926892242884DDC900E88995 /* ViewController.swift in Sources */,
				92EF801A2887D90F00E86749 /* Book.swift in Sources */,
				92CA18FC28B3559900314DEB /* DBModel.swift in Sources */,
				92EF7FEB2886440F00E86749 /* SearchViewController.swift in Sources */,
				92EF7FDF288526CD00E86749 /* PersonalTimeTableViewController.swift in Sources */,
				92EF7FF32886486E00E86749 /* UITextField+Extension.swift in Sources */,
				926892202884DDC900E88995 /* AppDelegate.swift in Sources */,
				92EF804C288A3F9200E86749 /* testViewController.swift in Sources */,
				92EF7FE92886440500E86749 /* TrendViewController.swift in Sources */,
				92EF80082887953400E86749 /* MovieInfo.swift in Sources */,
				92EF7FE1288526D600E86749 /* KakaoSettingTableViewController.swift in Sources */,
				92EF7FF728864D9C00E86749 /* BucketListTableViewCell.swift in Sources */,
				926892222884DDC900E88995 /* SceneDelegate.swift in Sources */,
				92EF7FF528864B9800E86749 /* BucketListTableViewController.swift in Sources */,
				92EF7FFB28868B5F00E86749 /* ShoppingTableViewController.swift in Sources */,
				92CA197828B761AC00314DEB /* APIKey.swift in Sources */,
				92EF80162887D3FF00E86749 /* BookCollectionViewCell.swift in Sources */,
				92EF804A288931CA00E86749 /* RecommandWebInfoViewController.swift in Sources */,
				92EF80022887875100E86749 /* SearchMovieTableViewController.swift in Sources */,
				92EF800628878CAE00E86749 /* Movie.swift in Sources */,
			);
			runOnlyForDeploymentPostprocessing = 0;
		};
/* End PBXSourcesBuildPhase section */

/* Begin PBXVariantGroup section */
		926892252884DDC900E88995 /* Main.storyboard */ = {
			isa = PBXVariantGroup;
			children = (
				926892262884DDC900E88995 /* Base */,
			);
			name = Main.storyboard;
			sourceTree = "<group>";
		};
		9268922A2884DDCB00E88995 /* LaunchScreen.storyboard */ = {
			isa = PBXVariantGroup;
			children = (
				9268922B2884DDCB00E88995 /* Base */,
			);
			name = LaunchScreen.storyboard;
			sourceTree = "<group>";
		};
/* End PBXVariantGroup section */

/* Begin XCBuildConfiguration section */
		9268922E2884DDCB00E88995 /* Debug */ = {
			isa = XCBuildConfiguration;
			buildSettings = {
				ALWAYS_SEARCH_USER_PATHS = NO;
				CLANG_ANALYZER_NONNULL = YES;
				CLANG_ANALYZER_NUMBER_OBJECT_CONVERSION = YES_AGGRESSIVE;
				CLANG_CXX_LANGUAGE_STANDARD = "gnu++17";
				CLANG_ENABLE_MODULES = YES;
				CLANG_ENABLE_OBJC_ARC = YES;
				CLANG_ENABLE_OBJC_WEAK = YES;
				CLANG_WARN_BLOCK_CAPTURE_AUTORELEASING = YES;
				CLANG_WARN_BOOL_CONVERSION = YES;
				CLANG_WARN_COMMA = YES;
				CLANG_WARN_CONSTANT_CONVERSION = YES;
				CLANG_WARN_DEPRECATED_OBJC_IMPLEMENTATIONS = YES;
				CLANG_WARN_DIRECT_OBJC_ISA_USAGE = YES_ERROR;
				CLANG_WARN_DOCUMENTATION_COMMENTS = YES;
				CLANG_WARN_EMPTY_BODY = YES;
				CLANG_WARN_ENUM_CONVERSION = YES;
				CLANG_WARN_INFINITE_RECURSION = YES;
				CLANG_WARN_INT_CONVERSION = YES;
				CLANG_WARN_NON_LITERAL_NULL_CONVERSION = YES;
				CLANG_WARN_OBJC_IMPLICIT_RETAIN_SELF = YES;
				CLANG_WARN_OBJC_LITERAL_CONVERSION = YES;
				CLANG_WARN_OBJC_ROOT_CLASS = YES_ERROR;
				CLANG_WARN_QUOTED_INCLUDE_IN_FRAMEWORK_HEADER = YES;
				CLANG_WARN_RANGE_LOOP_ANALYSIS = YES;
				CLANG_WARN_STRICT_PROTOTYPES = YES;
				CLANG_WARN_SUSPICIOUS_MOVE = YES;
				CLANG_WARN_UNGUARDED_AVAILABILITY = YES_AGGRESSIVE;
				CLANG_WARN_UNREACHABLE_CODE = YES;
				CLANG_WARN__DUPLICATE_METHOD_MATCH = YES;
				COPY_PHASE_STRIP = NO;
				DEBUG_INFORMATION_FORMAT = dwarf;
				ENABLE_STRICT_OBJC_MSGSEND = YES;
				ENABLE_TESTABILITY = YES;
				GCC_C_LANGUAGE_STANDARD = gnu11;
				GCC_DYNAMIC_NO_PIC = NO;
				GCC_NO_COMMON_BLOCKS = YES;
				GCC_OPTIMIZATION_LEVEL = 0;
				GCC_PREPROCESSOR_DEFINITIONS = (
					"DEBUG=1",
					"$(inherited)",
				);
				GCC_WARN_64_TO_32_BIT_CONVERSION = YES;
				GCC_WARN_ABOUT_RETURN_TYPE = YES_ERROR;
				GCC_WARN_UNDECLARED_SELECTOR = YES;
				GCC_WARN_UNINITIALIZED_AUTOS = YES_AGGRESSIVE;
				GCC_WARN_UNUSED_FUNCTION = YES;
				GCC_WARN_UNUSED_VARIABLE = YES;
				IPHONEOS_DEPLOYMENT_TARGET = 15.5;
				MTL_ENABLE_DEBUG_INFO = INCLUDE_SOURCE;
				MTL_FAST_MATH = YES;
				ONLY_ACTIVE_ARCH = YES;
				SDKROOT = iphoneos;
				SWIFT_ACTIVE_COMPILATION_CONDITIONS = DEBUG;
				SWIFT_OPTIMIZATION_LEVEL = "-Onone";
			};
			name = Debug;
		};
		9268922F2884DDCB00E88995 /* Release */ = {
			isa = XCBuildConfiguration;
			buildSettings = {
				ALWAYS_SEARCH_USER_PATHS = NO;
				CLANG_ANALYZER_NONNULL = YES;
				CLANG_ANALYZER_NUMBER_OBJECT_CONVERSION = YES_AGGRESSIVE;
				CLANG_CXX_LANGUAGE_STANDARD = "gnu++17";
				CLANG_ENABLE_MODULES = YES;
				CLANG_ENABLE_OBJC_ARC = YES;
				CLANG_ENABLE_OBJC_WEAK = YES;
				CLANG_WARN_BLOCK_CAPTURE_AUTORELEASING = YES;
				CLANG_WARN_BOOL_CONVERSION = YES;
				CLANG_WARN_COMMA = YES;
				CLANG_WARN_CONSTANT_CONVERSION = YES;
				CLANG_WARN_DEPRECATED_OBJC_IMPLEMENTATIONS = YES;
				CLANG_WARN_DIRECT_OBJC_ISA_USAGE = YES_ERROR;
				CLANG_WARN_DOCUMENTATION_COMMENTS = YES;
				CLANG_WARN_EMPTY_BODY = YES;
				CLANG_WARN_ENUM_CONVERSION = YES;
				CLANG_WARN_INFINITE_RECURSION = YES;
				CLANG_WARN_INT_CONVERSION = YES;
				CLANG_WARN_NON_LITERAL_NULL_CONVERSION = YES;
				CLANG_WARN_OBJC_IMPLICIT_RETAIN_SELF = YES;
				CLANG_WARN_OBJC_LITERAL_CONVERSION = YES;
				CLANG_WARN_OBJC_ROOT_CLASS = YES_ERROR;
				CLANG_WARN_QUOTED_INCLUDE_IN_FRAMEWORK_HEADER = YES;
				CLANG_WARN_RANGE_LOOP_ANALYSIS = YES;
				CLANG_WARN_STRICT_PROTOTYPES = YES;
				CLANG_WARN_SUSPICIOUS_MOVE = YES;
				CLANG_WARN_UNGUARDED_AVAILABILITY = YES_AGGRESSIVE;
				CLANG_WARN_UNREACHABLE_CODE = YES;
				CLANG_WARN__DUPLICATE_METHOD_MATCH = YES;
				COPY_PHASE_STRIP = NO;
				DEBUG_INFORMATION_FORMAT = "dwarf-with-dsym";
				ENABLE_NS_ASSERTIONS = NO;
				ENABLE_STRICT_OBJC_MSGSEND = YES;
				GCC_C_LANGUAGE_STANDARD = gnu11;
				GCC_NO_COMMON_BLOCKS = YES;
				GCC_WARN_64_TO_32_BIT_CONVERSION = YES;
				GCC_WARN_ABOUT_RETURN_TYPE = YES_ERROR;
				GCC_WARN_UNDECLARED_SELECTOR = YES;
				GCC_WARN_UNINITIALIZED_AUTOS = YES_AGGRESSIVE;
				GCC_WARN_UNUSED_FUNCTION = YES;
				GCC_WARN_UNUSED_VARIABLE = YES;
				IPHONEOS_DEPLOYMENT_TARGET = 15.5;
				MTL_ENABLE_DEBUG_INFO = NO;
				MTL_FAST_MATH = YES;
				SDKROOT = iphoneos;
				SWIFT_COMPILATION_MODE = wholemodule;
				SWIFT_OPTIMIZATION_LEVEL = "-O";
				VALIDATE_PRODUCT = YES;
			};
			name = Release;
		};
		926892312884DDCB00E88995 /* Debug */ = {
			isa = XCBuildConfiguration;
			buildSettings = {
				ASSETCATALOG_COMPILER_APPICON_NAME = AppIcon;
				ASSETCATALOG_COMPILER_GLOBAL_ACCENT_COLOR_NAME = AccentColor;
				CODE_SIGN_STYLE = Automatic;
				CURRENT_PROJECT_VERSION = 1;
				DEVELOPMENT_TEAM = 3S825CN62V;
				GENERATE_INFOPLIST_FILE = YES;
				INFOPLIST_FILE = SeSAC3weekTrandMedia/Info.plist;
				INFOPLIST_KEY_UIApplicationSupportsIndirectInputEvents = YES;
				INFOPLIST_KEY_UILaunchStoryboardName = LaunchScreen;
				INFOPLIST_KEY_UIMainStoryboardFile = Trend;
				INFOPLIST_KEY_UISupportedInterfaceOrientations_iPad = "UIInterfaceOrientationPortrait UIInterfaceOrientationPortraitUpsideDown UIInterfaceOrientationLandscapeLeft UIInterfaceOrientationLandscapeRight";
				INFOPLIST_KEY_UISupportedInterfaceOrientations_iPhone = "UIInterfaceOrientationPortrait UIInterfaceOrientationLandscapeLeft UIInterfaceOrientationLandscapeRight";
				LD_RUNPATH_SEARCH_PATHS = (
					"$(inherited)",
					"@executable_path/Frameworks",
				);
				MARKETING_VERSION = 1.0;
				PRODUCT_BUNDLE_IDENTIFIER = com.kidult.SeSAC3weekTrandMedia;
				PRODUCT_NAME = "$(TARGET_NAME)";
				SWIFT_EMIT_LOC_STRINGS = YES;
				SWIFT_VERSION = 5.0;
				TARGETED_DEVICE_FAMILY = "1,2";
			};
			name = Debug;
		};
		926892322884DDCB00E88995 /* Release */ = {
			isa = XCBuildConfiguration;
			buildSettings = {
				ASSETCATALOG_COMPILER_APPICON_NAME = AppIcon;
				ASSETCATALOG_COMPILER_GLOBAL_ACCENT_COLOR_NAME = AccentColor;
				CODE_SIGN_STYLE = Automatic;
				CURRENT_PROJECT_VERSION = 1;
				DEVELOPMENT_TEAM = 3S825CN62V;
				GENERATE_INFOPLIST_FILE = YES;
				INFOPLIST_FILE = SeSAC3weekTrandMedia/Info.plist;
				INFOPLIST_KEY_UIApplicationSupportsIndirectInputEvents = YES;
				INFOPLIST_KEY_UILaunchStoryboardName = LaunchScreen;
				INFOPLIST_KEY_UIMainStoryboardFile = Trend;
				INFOPLIST_KEY_UISupportedInterfaceOrientations_iPad = "UIInterfaceOrientationPortrait UIInterfaceOrientationPortraitUpsideDown UIInterfaceOrientationLandscapeLeft UIInterfaceOrientationLandscapeRight";
				INFOPLIST_KEY_UISupportedInterfaceOrientations_iPhone = "UIInterfaceOrientationPortrait UIInterfaceOrientationLandscapeLeft UIInterfaceOrientationLandscapeRight";
				LD_RUNPATH_SEARCH_PATHS = (
					"$(inherited)",
					"@executable_path/Frameworks",
				);
				MARKETING_VERSION = 1.0;
				PRODUCT_BUNDLE_IDENTIFIER = com.kidult.SeSAC3weekTrandMedia;
				PRODUCT_NAME = "$(TARGET_NAME)";
				SWIFT_EMIT_LOC_STRINGS = YES;
				SWIFT_VERSION = 5.0;
				TARGETED_DEVICE_FAMILY = "1,2";
			};
			name = Release;
		};
/* End XCBuildConfiguration section */

/* Begin XCConfigurationList section */
		926892172884DDC900E88995 /* Build configuration list for PBXProject "SeSAC3weekTrandMedia" */ = {
			isa = XCConfigurationList;
			buildConfigurations = (
				9268922E2884DDCB00E88995 /* Debug */,
				9268922F2884DDCB00E88995 /* Release */,
			);
			defaultConfigurationIsVisible = 0;
			defaultConfigurationName = Release;
		};
		926892302884DDCB00E88995 /* Build configuration list for PBXNativeTarget "SeSAC3weekTrandMedia" */ = {
			isa = XCConfigurationList;
			buildConfigurations = (
				926892312884DDCB00E88995 /* Debug */,
				926892322884DDCB00E88995 /* Release */,
			);
			defaultConfigurationIsVisible = 0;
			defaultConfigurationName = Release;
		};
/* End XCConfigurationList section */

/* Begin XCRemoteSwiftPackageReference section */
		92CA18F528B354B700314DEB /* XCRemoteSwiftPackageReference "realm-swift" */ = {
			isa = XCRemoteSwiftPackageReference;
			repositoryURL = "https://github.com/realm/realm-swift.git";
			requirement = {
				kind = upToNextMajorVersion;
				minimumVersion = 10.0.0;
			};
		};
		92CA196428B67BBB00314DEB /* XCRemoteSwiftPackageReference "SnapKit" */ = {
			isa = XCRemoteSwiftPackageReference;
			repositoryURL = "https://github.com/SnapKit/SnapKit.git";
			requirement = {
				kind = upToNextMajorVersion;
				minimumVersion = 5.0.0;
			};
		};
		92CA196728B6840D00314DEB /* XCRemoteSwiftPackageReference "Alamofire" */ = {
			isa = XCRemoteSwiftPackageReference;
			repositoryURL = "https://github.com/Alamofire/Alamofire.git";
			requirement = {
				kind = upToNextMajorVersion;
				minimumVersion = 5.0.0;
			};
		};
		92CA196A28B6842100314DEB /* XCRemoteSwiftPackageReference "SwiftyJSON" */ = {
			isa = XCRemoteSwiftPackageReference;
			repositoryURL = "https://github.com/SwiftyJSON/SwiftyJSON.git";
			requirement = {
				kind = upToNextMajorVersion;
				minimumVersion = 5.0.0;
			};
		};
		92EF800D2887AE5900E86749 /* XCRemoteSwiftPackageReference "Kingfisher" */ = {
			isa = XCRemoteSwiftPackageReference;
			repositoryURL = "https://github.com/onevcat/Kingfisher.git";
			requirement = {
				kind = upToNextMajorVersion;
				minimumVersion = 7.0.0;
			};
		};
		92EF80102887AE7800E86749 /* XCRemoteSwiftPackageReference "Toast-Swift" */ = {
			isa = XCRemoteSwiftPackageReference;
			repositoryURL = "https://github.com/scalessec/Toast-Swift.git";
			requirement = {
				kind = upToNextMajorVersion;
				minimumVersion = 5.0.0;
			};
		};
/* End XCRemoteSwiftPackageReference section */

/* Begin XCSwiftPackageProductDependency section */
		92CA18F628B354B700314DEB /* Realm */ = {
			isa = XCSwiftPackageProductDependency;
			package = 92CA18F528B354B700314DEB /* XCRemoteSwiftPackageReference "realm-swift" */;
			productName = Realm;
		};
		92CA18F828B354B700314DEB /* RealmSwift */ = {
			isa = XCSwiftPackageProductDependency;
			package = 92CA18F528B354B700314DEB /* XCRemoteSwiftPackageReference "realm-swift" */;
			productName = RealmSwift;
		};
		92CA196528B67BBC00314DEB /* SnapKit */ = {
			isa = XCSwiftPackageProductDependency;
			package = 92CA196428B67BBB00314DEB /* XCRemoteSwiftPackageReference "SnapKit" */;
			productName = SnapKit;
		};
		92CA196828B6840D00314DEB /* Alamofire */ = {
			isa = XCSwiftPackageProductDependency;
			package = 92CA196728B6840D00314DEB /* XCRemoteSwiftPackageReference "Alamofire" */;
			productName = Alamofire;
		};
		92CA196B28B6842100314DEB /* SwiftyJSON */ = {
			isa = XCSwiftPackageProductDependency;
			package = 92CA196A28B6842100314DEB /* XCRemoteSwiftPackageReference "SwiftyJSON" */;
			productName = SwiftyJSON;
		};
		92EF800E2887AE5900E86749 /* Kingfisher */ = {
			isa = XCSwiftPackageProductDependency;
			package = 92EF800D2887AE5900E86749 /* XCRemoteSwiftPackageReference "Kingfisher" */;
			productName = Kingfisher;
		};
		92EF80112887AE7800E86749 /* Toast */ = {
			isa = XCSwiftPackageProductDependency;
			package = 92EF80102887AE7800E86749 /* XCRemoteSwiftPackageReference "Toast-Swift" */;
			productName = Toast;
		};
/* End XCSwiftPackageProductDependency section */
	};
	rootObject = 926892142884DDC900E88995 /* Project object */;
}
